{
  "lockfileVersion": 1,
  "configVersion": 0,
  "workspaces": {
    "": {
      "name": "langgraph-minimal-test",
      "dependencies": {
        "@langchain/core": "^1.1.0",
        "@langchain/langgraph": "^1.3.0",
        "@langchain/openai": "^1.4.0",
        "react": "^18.3.1",
        "react-dom": "^18.3.1",
      },
      "devDependencies": {
        "@types/node": "^22.0.0",
        "@types/react": "^18.3.12",
        "@types/react-dom": "^18.3.1",
        "@vitejs/plugin-react": "^6.0.0",
        "typescript": "^5.7.0",
        "vite": "^8.0.0",
      },
    },
  },
  "packages": {
    "@cfworker/json-schema": ["@cfworker/json-schema@4.1.1", "https://mirrors.tencent.com/npm/@cfworker/json-schema/-/json-schema-4.1.1.tgz", {}, "sha512-gAmrUZSGtKc3AiBL71iNWxDsyUC5uMaKKGdvzYsBoTW/xi42JQHl7eKV2OYzCUqvc+D2RCcf7EXY2iCyFIk6og=="],

    "@emnapi/core": ["@emnapi/core@1.10.0", "https://mirrors.tencent.com/npm/@emnapi/core/-/core-1.10.0.tgz", { "dependencies": { "@emnapi/wasi-threads": "1.2.1", "tslib": "^2.4.0" } }, "sha512-yq6OkJ4p82CAfPl0u9mQebQHKPJkY7WrIuk205cTYnYe+k2Z8YBh11FrbRG/H6ihirqcacOgl2BIO8oyMQLeXw=="],

    "@emnapi/runtime": ["@emnapi/runtime@1.10.0", "https://mirrors.tencent.com/npm/@emnapi/runtime/-/runtime-1.10.0.tgz", { "dependencies": { "tslib": "^2.4.0" } }, "sha512-ewvYlk86xUoGI0zQRNq/mC+16R1QeDlKQy21Ki3oSYXNgLb45GV1P6A0M+/s6nyCuNDqe5VpaY84BzXGwVbwFA=="],

    "@emnapi/wasi-threads": ["@emnapi/wasi-threads@1.2.1", "https://mirrors.tencent.com/npm/@emnapi/wasi-threads/-/wasi-threads-1.2.1.tgz", { "dependencies": { "tslib": "^2.4.0" } }, "sha512-uTII7OYF+/Mes/MrcIOYp5yOtSMLBWSIoLPpcgwipoiKbli6k322tcoFsxoIIxPDqW01SQGAgko4EzZi2BNv2w=="],

    "@langchain/core": ["@langchain/core@1.1.48", "https://mirrors.tencent.com/npm/@langchain/core/-/core-1.1.48.tgz", { "dependencies": { "@cfworker/json-schema": "^4.0.2", "@standard-schema/spec": "^1.1.0", "js-tiktoken": "^1.0.12", "langsmith": ">=0.5.0 <1.0.0", "mustache": "^4.2.0", "p-queue": "^6.6.2", "zod": "^3.25.76 || ^4" } }, "sha512-fQU6Guyb1pwc2fEplmA8FPbKfOMAofjnyJzExevro0FxEiuGHE18Ov/ZHmT9trWCDTZRI9eW1VIc6aChxV8pAQ=="],

    "@langchain/langgraph": ["@langchain/langgraph@1.3.6", "https://mirrors.tencent.com/npm/@langchain/langgraph/-/langgraph-1.3.6.tgz", { "dependencies": { "@langchain/langgraph-checkpoint": "^1.0.4", "@langchain/langgraph-sdk": "~1.9.17", "@langchain/protocol": "^0.0.16", "@standard-schema/spec": "1.1.0", "uuid": "^14.0.0" }, "peerDependencies": { "@langchain/core": "^1.1.48", "zod": "^3.25.32 || ^4.2.0", "zod-to-json-schema": "^3.x" }, "optionalPeers": ["zod-to-json-schema"] }, "sha512-OlpIhaMYs2IlN5hCGUMF9B/jgVacLK5nYbwri1AQatB+CcFIk1xVi9jHcD+fkAtn+7ExFbwiOAAdhuGeWQA9BA=="],

    "@langchain/langgraph-checkpoint": ["@langchain/langgraph-checkpoint@1.0.4", "https://mirrors.tencent.com/npm/@langchain/langgraph-checkpoint/-/langgraph-checkpoint-1.0.4.tgz", { "dependencies": { "uuid": "^14.0.0" }, "peerDependencies": { "@langchain/core": "^1.1.44" } }, "sha512-1y5MgZ0gXXrtmoy56e3kaBChI3GwFPIKl27xkrHwN+VE/3iUsyr9gO3Jtp7kdKAe6diZGbcas5bdC/r0yUwTZA=="],

    "@langchain/langgraph-sdk": ["@langchain/langgraph-sdk@1.9.18", "https://mirrors.tencent.com/npm/@langchain/langgraph-sdk/-/langgraph-sdk-1.9.18.tgz", { "dependencies": { "@langchain/protocol": "^0.0.16", "@types/json-schema": "^7.0.15", "p-queue": "^9.0.1", "p-retry": "^7.1.1", "uuid": "^14.0.0" }, "peerDependencies": { "@langchain/core": "^1.1.48", "react": "^18 || ^19", "react-dom": "^18 || ^19", "svelte": "^4.0.0 || ^5.0.0", "vue": "^3.0.0" }, "optionalPeers": ["svelte", "vue"] }, "sha512-EQLlop/GLlm52Rii06oZDv1bPvrWARnDuzSY6in4d1gnZX2KSQvxajeZH8GYfMjapDVhbo324DRYJgL9euo2fg=="],

    "@langchain/openai": ["@langchain/openai@1.4.7", "https://mirrors.tencent.com/npm/@langchain/openai/-/openai-1.4.7.tgz", { "dependencies": { "js-tiktoken": "^1.0.12", "openai": "^6.37.0", "zod": "^3.25.76 || ^4" }, "peerDependencies": { "@langchain/core": "^1.1.48" } }, "sha512-i1YLV4pWbGC6W8m0ZNpLObJuf1nyU4o8aWyX4AF9fHn7eM67HfIJWQ5n5XzcCpuSa41otrxA9jvH5XRKwI1qDA=="],

    "@langchain/protocol": ["@langchain/protocol@0.0.16", "https://mirrors.tencent.com/npm/@langchain/protocol/-/protocol-0.0.16.tgz", {}, "sha512-ws+J7MaHyhO5dG7f0vdyHQiUn9hoCnki0f3crJPa4MCTGzcRC39jYSCghyrGtBPYQnZbUQiGyRVpW3z3M8IpJg=="],

    "@napi-rs/wasm-runtime": ["@napi-rs/wasm-runtime@1.1.4", "https://mirrors.tencent.com/npm/@napi-rs/wasm-runtime/-/wasm-runtime-1.1.4.tgz", { "dependencies": { "@tybys/wasm-util": "^0.10.1" }, "peerDependencies": { "@emnapi/core": "^1.7.1", "@emnapi/runtime": "^1.7.1" } }, "sha512-3NQNNgA1YSlJb/kMH1ildASP9HW7/7kYnRI2szWJaofaS1hWmbGI4H+d3+22aGzXXN9IJ+n+GiFVcGipJP18ow=="],

    "@oxc-project/types": ["@oxc-project/types@0.133.0", "https://mirrors.tencent.com/npm/@oxc-project/types/-/types-0.133.0.tgz", {}, "sha512-KzkdCd6Uxqnf6l3HOw1xfatAlUURA0g14cvBYFyJ5SaNOQbOUvBr9PKArcPcrNIeRsBdgcUzOGrhKveVpvOIGA=="],

    "@rolldown/binding-android-arm64": ["@rolldown/binding-android-arm64@1.0.3", "https://mirrors.tencent.com/npm/@rolldown/binding-android-arm64/-/binding-android-arm64-1.0.3.tgz", { "os": "android", "cpu": "arm64" }, "sha512-454rs7jHngixp/NMxd5srYD57OnzSlZ/eFTETjORQHLwJG1lRtmNOJcBerZlfu4GjKqeq8aCCIQrMdHyhI51Hw=="],

    "@rolldown/binding-darwin-arm64": ["@rolldown/binding-darwin-arm64@1.0.3", "https://mirrors.tencent.com/npm/@rolldown/binding-darwin-arm64/-/binding-darwin-arm64-1.0.3.tgz", { "os": "darwin", "cpu": "arm64" }, "sha512-PcAhP+ynjURNyy8SKGl5DQP94aGuB/7JrXJb/t7P+hanXvQVMWzUvRRhBAcg/lNRadBhoUPqSoP4xw5tR/KBEA=="],

    "@rolldown/binding-darwin-x64": ["@rolldown/binding-darwin-x64@1.0.3", "https://mirrors.tencent.com/npm/@rolldown/binding-darwin-x64/-/binding-darwin-x64-1.0.3.tgz", { "os": "darwin", "cpu": "x64" }, "sha512-9YpfeUvSE2RS7wysJ81uOZkXJz7f7Q55H2Gvp3VEw/EsahqDtrphrZ0EwDLK5vvKOzaCrBsjF8JmnMLcUt78Gg=="],

    "@rolldown/binding-freebsd-x64": ["@rolldown/binding-freebsd-x64@1.0.3", "https://mirrors.tencent.com/npm/@rolldown/binding-freebsd-x64/-/binding-freebsd-x64-1.0.3.tgz", { "os": "freebsd", "cpu": "x64" }, "sha512-yB1IlAsSNHncV6SCTL27/MVGR5htvQsoGxIv5KMGXALp+Ll1wYsn+x98M9MW7qa+NdSbvrrY7ANI4wLJ0n1e6g=="],

    "@rolldown/binding-linux-arm-gnueabihf": ["@rolldown/binding-linux-arm-gnueabihf@1.0.3", "https://mirrors.tencent.com/npm/@rolldown/binding-linux-arm-gnueabihf/-/binding-linux-arm-gnueabihf-1.0.3.tgz", { "os": "linux", "cpu": "arm" }, "sha512-Yi30IVAAfLUCy2MseFjbB1jAMDl1VMCAas5StnYp8da9+CKvMd2H2cbEjWcw5NPaPqzvYkVIaF1nNUG+b7u/sw=="],

    "@rolldown/binding-linux-arm64-gnu": ["@rolldown/binding-linux-arm64-gnu@1.0.3", "https://mirrors.tencent.com/npm/@rolldown/binding-linux-arm64-gnu/-/binding-linux-arm64-gnu-1.0.3.tgz", { "os": "linux", "cpu": "arm64" }, "sha512-jsO7R8To+AdlYgUmN5sHSCZbfhtMBkO0WUx8iORQnPcMMdgr7qM2DQmMwgabs3GhNztdmoKkMKQFHD6DTMCIQw=="],

    "@rolldown/binding-linux-arm64-musl": ["@rolldown/binding-linux-arm64-musl@1.0.3", "https://mirrors.tencent.com/npm/@rolldown/binding-linux-arm64-musl/-/binding-linux-arm64-musl-1.0.3.tgz", { "os": "linux", "cpu": "arm64" }, "sha512-VWkUHwWriDciit80wleYwKILoR/KMvxh/IdwS/paX+ZgpuRpCrKLUdadJbc0NpBEiyhpYawsJ73j9aCvOH+f7Q=="],

    "@rolldown/binding-linux-ppc64-gnu": ["@rolldown/binding-linux-ppc64-gnu@1.0.3", "https://mirrors.tencent.com/npm/@rolldown/binding-linux-ppc64-gnu/-/binding-linux-ppc64-gnu-1.0.3.tgz", { "os": "linux", "cpu": "ppc64" }, "sha512-5f1laC0SlIR0yDbFCd8acUhvJIag6N3zC5P7oUPN6wX0aOma+uKJ0wBDH5aq7I1PVI2ttTlhJwzwRIBnLiSGEg=="],

    "@rolldown/binding-linux-s390x-gnu": ["@rolldown/binding-linux-s390x-gnu@1.0.3", "https://mirrors.tencent.com/npm/@rolldown/binding-linux-s390x-gnu/-/binding-linux-s390x-gnu-1.0.3.tgz", { "os": "linux", "cpu": "s390x" }, "sha512-Iq4ko0r4XsgbrF/LunNgHtAGLRRVE2kXonAXQ/MV0mC6jQpMOhW1SvtZja2EhC/kd05++bP78dsqBeIQyYJ6Yg=="],

    "@rolldown/binding-linux-x64-gnu": ["@rolldown/binding-linux-x64-gnu@1.0.3", "https://mirrors.tencent.com/npm/@rolldown/binding-linux-x64-gnu/-/binding-linux-x64-gnu-1.0.3.tgz", { "os": "linux", "cpu": "x64" }, "sha512-B8m6tD5+/N5FeNQFbKlLA/2yVq9ycQP1SeedyEYYKWBNR3ZQbkvIUcNnDNM03lO1l5F2roiiFJGgvoLLyZXtSg=="],

    "@rolldown/binding-linux-x64-musl": ["@rolldown/binding-linux-x64-musl@1.0.3", "https://mirrors.tencent.com/npm/@rolldown/binding-linux-x64-musl/-/binding-linux-x64-musl-1.0.3.tgz", { "os": "linux", "cpu": "x64" }, "sha512-pSdpdUJHkuCxun9LE7jvgUB9qsRgaiyNNCX7m/AvHTcq67AiT/Yhoxvw5zPfhrM8k/BfP8ce/hMOpthKDpEUow=="],

    "@rolldown/binding-openharmony-arm64": ["@rolldown/binding-openharmony-arm64@1.0.3", "https://mirrors.tencent.com/npm/@rolldown/binding-openharmony-arm64/-/binding-openharmony-arm64-1.0.3.tgz", { "os": "none", "cpu": "arm64" }, "sha512-OXXS3RKJgX2uLwM+gYyuH5omcH8fL1LJs96pZGgtetVCahON57+d4SJHzTgZiOjxgGkSnpXpOsWuPDGAKAigEg=="],

    "@rolldown/binding-wasm32-wasi": ["@rolldown/binding-wasm32-wasi@1.0.3", "https://mirrors.tencent.com/npm/@rolldown/binding-wasm32-wasi/-/binding-wasm32-wasi-1.0.3.tgz", { "dependencies": { "@emnapi/core": "1.10.0", "@emnapi/runtime": "1.10.0", "@napi-rs/wasm-runtime": "^1.1.4" }, "cpu": "none" }, "sha512-JTtb8BWFynicNSoPrehsCzBtOKjZ6jhMiPFEmOiuXg1Fl8dn2KHQob+GuPSGR0dryQa1PQJbzjF3dqO/whhjLg=="],

    "@rolldown/binding-win32-arm64-msvc": ["@rolldown/binding-win32-arm64-msvc@1.0.3", "https://mirrors.tencent.com/npm/@rolldown/binding-win32-arm64-msvc/-/binding-win32-arm64-msvc-1.0.3.tgz", { "os": "win32", "cpu": "arm64" }, "sha512-gEdFFEN70A/jxb2svrWsN3aDL7OUtmvlOy+6fa2jxG8K0wQ1ZbdeLGnidov6Yu5/733dI5ySfzFlQ/cb0bSz1g=="],

    "@rolldown/binding-win32-x64-msvc": ["@rolldown/binding-win32-x64-msvc@1.0.3", "https://mirrors.tencent.com/npm/@rolldown/binding-win32-x64-msvc/-/binding-win32-x64-msvc-1.0.3.tgz", { "os": "win32", "cpu": "x64" }, "sha512-eXB7CHuaQdqmJcc3koCNtNPmT/bj2gc999kUFgBxG8Ac0NdgXc4rkCHhqrgrhN3zddvvvrgzj1e90SuSfmyIXA=="],

    "@rolldown/pluginutils": ["@rolldown/pluginutils@1.0.1", "https://mirrors.tencent.com/npm/@rolldown/pluginutils/-/pluginutils-1.0.1.tgz", {}, "sha512-2j9bGt5Jh8hj+vPtgzPtl72j0yRxHAyumoo6TNfAjsLB04UtpSvPbPcDcBMxz7n+9CYB0c1GxQFxYRg2jimqGw=="],

    "@standard-schema/spec": ["@standard-schema/spec@1.1.0", "https://mirrors.tencent.com/npm/@standard-schema/spec/-/spec-1.1.0.tgz", {}, "sha512-l2aFy5jALhniG5HgqrD6jXLi/rUWrKvqN/qJx6yoJsgKhblVd+iqqU4RCXavm/jPityDo5TCvKMnpjKnOriy0w=="],

    "@tybys/wasm-util": ["@tybys/wasm-util@0.10.2", "https://mirrors.tencent.com/npm/@tybys/wasm-util/-/wasm-util-0.10.2.tgz", { "dependencies": { "tslib": "^2.4.0" } }, "sha512-RoBvJ2X0wuKlWFIjrwffGw1IqZHKQqzIchKaadZZfnNpsAYp2mM0h36JtPCjNDAHGgYez/15uMBpfGwchhiMgg=="],

    "@types/json-schema": ["@types/json-schema@7.0.15", "https://mirrors.tencent.com/npm/@types/json-schema/-/json-schema-7.0.15.tgz", {}, "sha512-5+fP8P8MFNC+AyZCDxrB2pkZFPGzqQWUzpSeuuVLvm8VMcorNYavBqoFcxK8bQz4Qsbn4oUEEem4wDLfcysGHA=="],

    "@types/node": ["@types/node@22.19.20", "https://mirrors.tencent.com/npm/@types/node/-/node-22.19.20.tgz", { "dependencies": { "undici-types": "~6.21.0" } }, "sha512-6tELRwSDYWW9EdZhbeZmYGZ1/7Djkt+Ah3/ScEYT9cDord7UJzasR/4D3VONg9tQI5CDp+/CZC1AXj2pCFOvpw=="],

    "@types/prop-types": ["@types/prop-types@15.7.15", "https://mirrors.tencent.com/npm/@types/prop-types/-/prop-types-15.7.15.tgz", {}, "sha512-F6bEyamV9jKGAFBEmlQnesRPGOQqS2+Uwi0Em15xenOxHaf2hv6L8YCVn3rPdPJOiJfPiCnLIRyvwVaqMY3MIw=="],

    "@types/react": ["@types/react@18.3.31", "https://mirrors.tencent.com/npm/@types/react/-/react-18.3.31.tgz", { "dependencies": { "@types/prop-types": "*", "csstype": "^3.2.2" } }, "sha512-vfEqpXTvwT91yhmwdfouStN2hSKwTvyRs8qpLfADyrq/kxDw0hZM7Wk9Ug1FELj8hIby+S/+kQCSRFF32nv2Qw=="],

    "@types/react-dom": ["@types/react-dom@18.3.7", "https://mirrors.tencent.com/npm/@types/react-dom/-/react-dom-18.3.7.tgz", { "peerDependencies": { "@types/react": "^18.0.0" } }, "sha512-MEe3UeoENYVFXzoXEWsvcpg6ZvlrFNlOQ7EOsvhI3CfAXwzPfO8Qwuxd40nepsYKqyyVQnTdEfv68q91yLcKrQ=="],

    "@vitejs/plugin-react": ["@vitejs/plugin-react@6.0.2", "https://mirrors.tencent.com/npm/@vitejs/plugin-react/-/plugin-react-6.0.2.tgz", { "dependencies": { "@rolldown/pluginutils": "^1.0.0" }, "peerDependencies": { "@rolldown/plugin-babel": "^0.1.7 || ^0.2.0", "babel-plugin-react-compiler": "^1.0.0", "vite": "^8.0.0" }, "optionalPeers": ["@rolldown/plugin-babel", "babel-plugin-react-compiler"] }, "sha512-DlSMqo4WhThw4vB8Mpn0Woe9J+Jfq1geJ61AKW0QEgLzGMNwtIMdxbDUzLxcun8W7NbJO0e2Jg/Nxm3cCSVzzg=="],

    "base64-js": ["base64-js@1.5.1", "https://mirrors.tencent.com/npm/base64-js/-/base64-js-1.5.1.tgz", {}, "sha512-AKpaYlHn8t4SVbOHCy+b5+KKgvR4vrsD8vbvrbiQJps7fKDTkjkDry6ji0rUJjC0kzbNePLwzxq8iypo41qeWA=="],

    "csstype": ["csstype@3.2.3", "https://mirrors.tencent.com/npm/csstype/-/csstype-3.2.3.tgz", {}, "sha512-z1HGKcYy2xA8AGQfwrn0PAy+PB7X/GSj3UVJW9qKyn43xWa+gl5nXmU4qqLMRzWVLFC8KusUX8T/0kCiOYpAIQ=="],

    "detect-libc": ["detect-libc@2.1.2", "https://mirrors.tencent.com/npm/detect-libc/-/detect-libc-2.1.2.tgz", {}, "sha512-Btj2BOOO83o3WyH59e8MgXsxEQVcarkUOpEYrubB0urwnN10yQ364rsiByU11nZlqWYZm05i/of7io4mzihBtQ=="],

    "eventemitter3": ["eventemitter3@4.0.7", "https://mirrors.tencent.com/npm/eventemitter3/-/eventemitter3-4.0.7.tgz", {}, "sha512-8guHBZCwKnFhYdHr2ysuRWErTwhoN2X8XELRlrRwpmfeY2jjuUN4taQMsULKUVo1K4DvZl+0pgfyoysHxvmvEw=="],

    "fdir": ["fdir@6.5.0", "https://mirrors.tencent.com/npm/fdir/-/fdir-6.5.0.tgz", { "peerDependencies": { "picomatch": "^3 || ^4" } }, "sha512-tIbYtZbucOs0BRGqPJkshJUYdL+SDH7dVM8gjy+ERp3WAUjLEFJE+02kanyHtwjWOnwrKYBiwAmM0p4kLJAnXg=="],

    "fsevents": ["fsevents@2.3.3", "https://mirrors.tencent.com/npm/fsevents/-/fsevents-2.3.3.tgz", { "os": "darwin" }, "sha512-5xoDfX+fL7faATnagmWPpbFtwh/R77WmMMqqHGS65C3vvB0YHrgF+B1YmZ3441tMj5n63k0212XNoJwzlhffQw=="],

    "is-network-error": ["is-network-error@1.3.2", "https://mirrors.tencent.com/npm/is-network-error/-/is-network-error-1.3.2.tgz", {}, "sha512-PhBY86zaxNZUuWP6h13Vu5oFe0XY6/UlKzQnYFELzGVHygP3MxmvTfYSG7GN3aIab/iWudSMgjSnG9Dq+nHrgA=="],

    "js-tiktoken": ["js-tiktoken@1.0.21", "https://mirrors.tencent.com/npm/js-tiktoken/-/js-tiktoken-1.0.21.tgz", { "dependencies": { "base64-js": "^1.5.1" } }, "sha512-biOj/6M5qdgx5TKjDnFT1ymSpM5tbd3ylwDtrQvFQSu0Z7bBYko2dF+W/aUkXUPuk6IVpRxk/3Q2sHOzGlS36g=="],

    "js-tokens": ["js-tokens@4.0.0", "https://mirrors.tencent.com/npm/js-tokens/-/js-tokens-4.0.0.tgz", {}, "sha512-RdJUflcE3cUzKiMqQgsCu06FPu9UdIJO0beYbPhHN4k6apgJtifcoCtT9bcxOpYBtpD2kCM6Sbzg4CausW/PKQ=="],

    "langsmith": ["langsmith@0.7.5", "https://mirrors.tencent.com/npm/langsmith/-/langsmith-0.7.5.tgz", { "dependencies": { "p-queue": "6.6.2" }, "peerDependencies": { "@opentelemetry/api": "*", "@opentelemetry/exporter-trace-otlp-proto": "*", "@opentelemetry/sdk-trace-base": "*", "openai": "*", "ws": ">=7" }, "optionalPeers": ["@opentelemetry/api", "@opentelemetry/exporter-trace-otlp-proto", "@opentelemetry/sdk-trace-base", "ws"] }, "sha512-OeD6+yKtWwy6sAboq25kD5DICzYv7j2KgtV2n4LsJ8nU2LpEdt1UwbjA6BON/zTggmS/YjV2TtLTHd7VEJhtEA=="],

    "lightningcss": ["lightningcss@1.32.0", "https://mirrors.tencent.com/npm/lightningcss/-/lightningcss-1.32.0.tgz", { "dependencies": { "detect-libc": "^2.0.3" }, "optionalDependencies": { "lightningcss-android-arm64": "1.32.0", "lightningcss-darwin-arm64": "1.32.0", "lightningcss-darwin-x64": "1.32.0", "lightningcss-freebsd-x64": "1.32.0", "lightningcss-linux-arm-gnueabihf": "1.32.0", "lightningcss-linux-arm64-gnu": "1.32.0", "lightningcss-linux-arm64-musl": "1.32.0", "lightningcss-linux-x64-gnu": "1.32.0", "lightningcss-linux-x64-musl": "1.32.0", "lightningcss-win32-arm64-msvc": "1.32.0", "lightningcss-win32-x64-msvc": "1.32.0" } }, "sha512-NXYBzinNrblfraPGyrbPoD19C1h9lfI/1mzgWYvXUTe414Gz/X1FD2XBZSZM7rRTrMA8JL3OtAaGifrIKhQ5yQ=="],

    "lightningcss-android-arm64": ["lightningcss-android-arm64@1.32.0", "https://mirrors.tencent.com/npm/lightningcss-android-arm64/-/lightningcss-android-arm64-1.32.0.tgz", { "os": "android", "cpu": "arm64" }, "sha512-YK7/ClTt4kAK0vo6w3X+Pnm0D2cf2vPHbhOXdoNti1Ga0al1P4TBZhwjATvjNwLEBCnKvjJc2jQgHXH0NEwlAg=="],

    "lightningcss-darwin-arm64": ["lightningcss-darwin-arm64@1.32.0", "https://mirrors.tencent.com/npm/lightningcss-darwin-arm64/-/lightningcss-darwin-arm64-1.32.0.tgz", { "os": "darwin", "cpu": "arm64" }, "sha512-RzeG9Ju5bag2Bv1/lwlVJvBE3q6TtXskdZLLCyfg5pt+HLz9BqlICO7LZM7VHNTTn/5PRhHFBSjk5lc4cmscPQ=="],

    "lightningcss-darwin-x64": ["lightningcss-darwin-x64@1.32.0", "https://mirrors.tencent.com/npm/lightningcss-darwin-x64/-/lightningcss-darwin-x64-1.32.0.tgz", { "os": "darwin", "cpu": "x64" }, "sha512-U+QsBp2m/s2wqpUYT/6wnlagdZbtZdndSmut/NJqlCcMLTWp5muCrID+K5UJ6jqD2BFshejCYXniPDbNh73V8w=="],

    "lightningcss-freebsd-x64": ["lightningcss-freebsd-x64@1.32.0", "https://mirrors.tencent.com/npm/lightningcss-freebsd-x64/-/lightningcss-freebsd-x64-1.32.0.tgz", { "os": "freebsd", "cpu": "x64" }, "sha512-JCTigedEksZk3tHTTthnMdVfGf61Fky8Ji2E4YjUTEQX14xiy/lTzXnu1vwiZe3bYe0q+SpsSH/CTeDXK6WHig=="],

    "lightningcss-linux-arm-gnueabihf": ["lightningcss-linux-arm-gnueabihf@1.32.0", "https://mirrors.tencent.com/npm/lightningcss-linux-arm-gnueabihf/-/lightningcss-linux-arm-gnueabihf-1.32.0.tgz", { "os": "linux", "cpu": "arm" }, "sha512-x6rnnpRa2GL0zQOkt6rts3YDPzduLpWvwAF6EMhXFVZXD4tPrBkEFqzGowzCsIWsPjqSK+tyNEODUBXeeVHSkw=="],

    "lightningcss-linux-arm64-gnu": ["lightningcss-linux-arm64-gnu@1.32.0", "https://mirrors.tencent.com/npm/lightningcss-linux-arm64-gnu/-/lightningcss-linux-arm64-gnu-1.32.0.tgz", { "os": "linux", "cpu": "arm64" }, "sha512-0nnMyoyOLRJXfbMOilaSRcLH3Jw5z9HDNGfT/gwCPgaDjnx0i8w7vBzFLFR1f6CMLKF8gVbebmkUN3fa/kQJpQ=="],

    "lightningcss-linux-arm64-musl": ["lightningcss-linux-arm64-musl@1.32.0", "https://mirrors.tencent.com/npm/lightningcss-linux-arm64-musl/-/lightningcss-linux-arm64-musl-1.32.0.tgz", { "os": "linux", "cpu": "arm64" }, "sha512-UpQkoenr4UJEzgVIYpI80lDFvRmPVg6oqboNHfoH4CQIfNA+HOrZ7Mo7KZP02dC6LjghPQJeBsvXhJod/wnIBg=="],

    "lightningcss-linux-x64-gnu": ["lightningcss-linux-x64-gnu@1.32.0", "https://mirrors.tencent.com/npm/lightningcss-linux-x64-gnu/-/lightningcss-linux-x64-gnu-1.32.0.tgz", { "os": "linux", "cpu": "x64" }, "sha512-V7Qr52IhZmdKPVr+Vtw8o+WLsQJYCTd8loIfpDaMRWGUZfBOYEJeyJIkqGIDMZPwPx24pUMfwSxxI8phr/MbOA=="],

    "lightningcss-linux-x64-musl": ["lightningcss-linux-x64-musl@1.32.0", "https://mirrors.tencent.com/npm/lightningcss-linux-x64-musl/-/lightningcss-linux-x64-musl-1.32.0.tgz", { "os": "linux", "cpu": "x64" }, "sha512-bYcLp+Vb0awsiXg/80uCRezCYHNg1/l3mt0gzHnWV9XP1W5sKa5/TCdGWaR/zBM2PeF/HbsQv/j2URNOiVuxWg=="],

    "lightningcss-win32-arm64-msvc": ["lightningcss-win32-arm64-msvc@1.32.0", "https://mirrors.tencent.com/npm/lightningcss-win32-arm64-msvc/-/lightningcss-win32-arm64-msvc-1.32.0.tgz", { "os": "win32", "cpu": "arm64" }, "sha512-8SbC8BR40pS6baCM8sbtYDSwEVQd4JlFTOlaD3gWGHfThTcABnNDBda6eTZeqbofalIJhFx0qKzgHJmcPTnGdw=="],

    "lightningcss-win32-x64-msvc": ["lightningcss-win32-x64-msvc@1.32.0", "https://mirrors.tencent.com/npm/lightningcss-win32-x64-msvc/-/lightningcss-win32-x64-msvc-1.32.0.tgz", { "os": "win32", "cpu": "x64" }, "sha512-Amq9B/SoZYdDi1kFrojnoqPLxYhQ4Wo5XiL8EVJrVsB8ARoC1PWW6VGtT0WKCemjy8aC+louJnjS7U18x3b06Q=="],

    "loose-envify": ["loose-envify@1.4.0", "https://mirrors.tencent.com/npm/loose-envify/-/loose-envify-1.4.0.tgz", { "dependencies": { "js-tokens": "^3.0.0 || ^4.0.0" }, "bin": "cli.js" }, "sha512-lyuxPGr/Wfhrlem2CL/UcnUc1zcqKAImBDzukY7Y5F/yQiNdko6+fRLevlw1HgMySw7f611UIY408EtxRSoK3Q=="],

    "mustache": ["mustache@4.2.0", "https://mirrors.tencent.com/npm/mustache/-/mustache-4.2.0.tgz", { "bin": "bin/mustache" }, "sha512-71ippSywq5Yb7/tVYyGbkBggbU8H3u5Rz56fH60jGFgr8uHwxs+aSKeqmluIVzM0m0kB7xQjKS6qPfd0b2ZoqQ=="],

    "nanoid": ["nanoid@3.3.12", "https://mirrors.tencent.com/npm/nanoid/-/nanoid-3.3.12.tgz", { "bin": "bin/nanoid.cjs" }, "sha512-ZB9RH/39qpq5Vu6Y+NmUaFhQR6pp+M2Xt76XBnEwDaGcVAqhlvxrl3B2bKS5D3NH3QR76v3aSrKaF/Kiy7lEtQ=="],

    "openai": ["openai@6.42.0", "https://mirrors.tencent.com/npm/openai/-/openai-6.42.0.tgz", { "peerDependencies": { "ws": "^8.18.0", "zod": "^3.25 || ^4.0" }, "optionalPeers": ["ws"] }, "sha512-1WFEt/uXMXOLhYRNkgJWo08Y2YNvNwpVU72K7ibrWgWpNOXd4VojXLbe6SQ4bLiUQ3Y8jz4IiyVkylJCL1DtZg=="],

    "p-finally": ["p-finally@1.0.0", "https://mirrors.tencent.com/npm/p-finally/-/p-finally-1.0.0.tgz", {}, "sha512-LICb2p9CB7FS+0eR1oqWnHhp0FljGLZCWBE9aix0Uye9W8LTQPwMTYVGWQWIw9RdQiDg4+epXQODwIYJtSJaow=="],

    "p-queue": ["p-queue@6.6.2", "https://mirrors.tencent.com/npm/p-queue/-/p-queue-6.6.2.tgz", { "dependencies": { "eventemitter3": "^4.0.4", "p-timeout": "^3.2.0" } }, "sha512-RwFpb72c/BhQLEXIZ5K2e+AhgNVmIejGlTgiB9MzZ0e93GRvqZ7uSi0dvRF7/XIXDeNkra2fNHBxTyPDGySpjQ=="],

    "p-retry": ["p-retry@7.1.1", "https://mirrors.tencent.com/npm/p-retry/-/p-retry-7.1.1.tgz", { "dependencies": { "is-network-error": "^1.1.0" } }, "sha512-J5ApzjyRkkf601HpEeykoiCvzHQjWxPAHhyjFcEUP2SWq0+35NKh8TLhpLw+Dkq5TZBFvUM6UigdE9hIVYTl5w=="],

    "p-timeout": ["p-timeout@3.2.0", "https://mirrors.tencent.com/npm/p-timeout/-/p-timeout-3.2.0.tgz", { "dependencies": { "p-finally": "^1.0.0" } }, "sha512-rhIwUycgwwKcP9yTOOFK/AKsAopjjCakVqLHePO3CC6Mir1Z99xT+R63jZxAT5lFZLa2inS5h+ZS2GvR99/FBg=="],

    "picocolors": ["picocolors@1.1.1", "https://mirrors.tencent.com/npm/picocolors/-/picocolors-1.1.1.tgz", {}, "sha512-xceH2snhtb5M9liqDsmEw56le376mTZkEX/jEb/RxNFyegNul7eNslCXP9FDj/Lcu0X8KEyMceP2ntpaHrDEVA=="],

    "picomatch": ["picomatch@4.0.4", "https://mirrors.tencent.com/npm/picomatch/-/picomatch-4.0.4.tgz", {}, "sha512-QP88BAKvMam/3NxH6vj2o21R6MjxZUAd6nlwAS/pnGvN9IVLocLHxGYIzFhg6fUQ+5th6P4dv4eW9jX3DSIj7A=="],

    "postcss": ["postcss@8.5.15", "https://mirrors.tencent.com/npm/postcss/-/postcss-8.5.15.tgz", { "dependencies": { "nanoid": "^3.3.12", "picocolors": "^1.1.1", "source-map-js": "^1.2.1" } }, "sha512-FfR8sjd4em2T6fb3I2MwAJU7HWVMr9zba+enmQeeWFfCbm+UOC/0X4DS8XtpUTMwWMGbjKYP7xjfNekzyGmB3A=="],

    "react": ["react@18.3.1", "https://mirrors.tencent.com/npm/react/-/react-18.3.1.tgz", { "dependencies": { "loose-envify": "^1.1.0" } }, "sha512-wS+hAgJShR0KhEvPJArfuPVN1+Hz1t0Y6n5jLrGQbkb4urgPE/0Rve+1kMB1v/oWgHgm4WIcV+i7F2pTVj+2iQ=="],

    "react-dom": ["react-dom@18.3.1", "https://mirrors.tencent.com/npm/react-dom/-/react-dom-18.3.1.tgz", { "dependencies": { "loose-envify": "^1.1.0", "scheduler": "^0.23.2" }, "peerDependencies": { "react": "^18.3.1" } }, "sha512-5m4nQKp+rZRb09LNH59GM4BxTh9251/ylbKIbpe7TpGxfJ+9kv6BLkLBXIjjspbgbnIBNqlI23tRnTWT0snUIw=="],

    "rolldown": ["rolldown@1.0.3", "https://mirrors.tencent.com/npm/rolldown/-/rolldown-1.0.3.tgz", { "dependencies": { "@oxc-project/types": "=0.133.0", "@rolldown/pluginutils": "^1.0.0" }, "optionalDependencies": { "@rolldown/binding-android-arm64": "1.0.3", "@rolldown/binding-darwin-arm64": "1.0.3", "@rolldown/binding-darwin-x64": "1.0.3", "@rolldown/binding-freebsd-x64": "1.0.3", "@rolldown/binding-linux-arm-gnueabihf": "1.0.3", "@rolldown/binding-linux-arm64-gnu": "1.0.3", "@rolldown/binding-linux-arm64-musl": "1.0.3", "@rolldown/binding-linux-ppc64-gnu": "1.0.3", "@rolldown/binding-linux-s390x-gnu": "1.0.3", "@rolldown/binding-linux-x64-gnu": "1.0.3", "@rolldown/binding-linux-x64-musl": "1.0.3", "@rolldown/binding-openharmony-arm64": "1.0.3", "@rolldown/binding-wasm32-wasi": "1.0.3", "@rolldown/binding-win32-arm64-msvc": "1.0.3", "@rolldown/binding-win32-x64-msvc": "1.0.3" }, "bin": "bin/cli.mjs" }, "sha512-i00lAJ2ks1BYr7rjNjKC7BcqAS7nVfiT3QX1SI5aY+AFHblCmaUf9OE9dbdzDvW6dJxbi2ZCZiy9v3CcwOiX3g=="],

    "scheduler": ["scheduler@0.23.2", "https://mirrors.tencent.com/npm/scheduler/-/scheduler-0.23.2.tgz", { "dependencies": { "loose-envify": "^1.1.0" } }, "sha512-UOShsPwz7NrMUqhR6t0hWjFduvOzbtv7toDH1/hIrfRNIDBnnBWd0CwJTGvTpngVlmwGCdP9/Zl/tVrDqcuYzQ=="],

    "source-map-js": ["source-map-js@1.2.1", "https://mirrors.tencent.com/npm/source-map-js/-/source-map-js-1.2.1.tgz", {}, "sha512-UXWMKhLOwVKb728IUtQPXxfYU+usdybtUrK/8uGE8CQMvrhOpwvzDBwj0QhSL7MQc7vIsISBG8VQ8+IDQxpfQA=="],

    "tinyglobby": ["tinyglobby@0.2.17", "https://mirrors.tencent.com/npm/tinyglobby/-/tinyglobby-0.2.17.tgz", { "dependencies": { "fdir": "^6.5.0", "picomatch": "^4.0.4" } }, "sha512-wXR/dYpcqKmfWpEdZjiKJOwCNFndD0DMnrW/cYjVGttEkBfVgcLFHoNrlj47mjOVic9yyNu65alsgF4NQyTa2g=="],

    "tslib": ["tslib@2.8.1", "https://mirrors.tencent.com/npm/tslib/-/tslib-2.8.1.tgz", {}, "sha512-oJFu94HQb+KVduSUQL7wnpmqnfmLsOA/nAh6b6EH0wCEoK0/mPeXU6c3wKDV83MkOuHPRHtSXKKU99IBazS/2w=="],

    "typescript": ["typescript@5.9.3", "https://mirrors.tencent.com/npm/typescript/-/typescript-5.9.3.tgz", { "bin": { "tsc": "bin/tsc", "tsserver": "bin/tsserver" } }, "sha512-jl1vZzPDinLr9eUt3J/t7V6FgNEw9QjvBPdysz9KfQDD41fQrC2Y4vKQdiaUpFT4bXlb1RHhLpp8wtm6M5TgSw=="],

    "undici-types": ["undici-types@6.21.0", "https://mirrors.tencent.com/npm/undici-types/-/undici-types-6.21.0.tgz", {}, "sha512-iwDZqg0QAGrg9Rav5H4n0M64c3mkR59cJ6wQp+7C4nI0gsmExaedaYLNO44eT4AtBBwjbTiGPMlt2Md0T9H9JQ=="],

    "uuid": ["uuid@14.0.0", "https://mirrors.tencent.com/npm/uuid/-/uuid-14.0.0.tgz", { "bin": "dist-node/bin/uuid" }, "sha512-Qo+uWgilfSmAhXCMav1uYFynlQO7fMFiMVZsQqZRMIXp0O7rR7qjkj+cPvBHLgBqi960QCoo/PH2/6ZtVqKvrg=="],

    "vite": ["vite@8.0.16", "https://mirrors.tencent.com/npm/vite/-/vite-8.0.16.tgz", { "dependencies": { "lightningcss": "^1.32.0", "picomatch": "^4.0.4", "postcss": "^8.5.15", "rolldown": "1.0.3", "tinyglobby": "^0.2.17" }, "optionalDependencies": { "fsevents": "~2.3.3" }, "peerDependencies": { "@types/node": "^20.19.0 || >=22.12.0", "@vitejs/devtools": "^0.1.18", "esbuild": "^0.27.0 || ^0.28.0", "jiti": ">=1.21.0", "less": "^4.0.0", "sass": "^1.70.0", "sass-embedded": "^1.70.0", "stylus": ">=0.54.8", "sugarss": "^5.0.0", "terser": "^5.16.0", "tsx": "^4.8.1", "yaml": "^2.4.2" }, "optionalPeers": ["@vitejs/devtools", "esbuild", "jiti", "less", "sass", "sass-embedded", "stylus", "sugarss", "terser", "tsx", "yaml"], "bin": "bin/vite.js" }, "sha512-h9bXPmJichP5fLmVQo3PyaGSDE2n3aPuomeAlVRm0JLmt4rY6zmPKd59HYI4LNW8oTK7tlTsuC7l/m7awx9Jcw=="],

    "zod": ["zod@4.4.3", "https://mirrors.tencent.com/npm/zod/-/zod-4.4.3.tgz", {}, "sha512-ytENFjIJFl2UwYglde2jchW2Hwm4GJFLDiSXWdTrJQBIN9Fcyp7n4DhxJEiWNAJMV1/BqWfW/kkg71UDcHJyTQ=="],

    "@langchain/langgraph-sdk/p-queue": ["p-queue@9.3.0", "https://mirrors.tencent.com/npm/p-queue/-/p-queue-9.3.0.tgz", { "dependencies": { "eventemitter3": "^5.0.4", "p-timeout": "^7.0.0" } }, "sha512-7NED7xhQ74Ngp4JP/2e0VZHp7vSWfJfqeiR92jPgxsz6m0Se4P03YoTKa9dDXyZ3r6P616gUXttrB6nnHYKang=="],

    "@langchain/langgraph-sdk/p-queue/eventemitter3": ["eventemitter3@5.0.4", "https://mirrors.tencent.com/npm/eventemitter3/-/eventemitter3-5.0.4.tgz", {}, "sha512-mlsTRyGaPBjPedk6Bvw+aqbsXDtoAyAzm5MO7JgU+yVRyMQ5O8bD4Kcci7BS85f93veegeCPkL8R4GLClnjLFw=="],

    "@langchain/langgraph-sdk/p-queue/p-timeout": ["p-timeout@7.0.1", "https://mirrors.tencent.com/npm/p-timeout/-/p-timeout-7.0.1.tgz", {}, "sha512-AxTM2wDGORHGEkPCt8yqxOTMgpfbEHqF51f/5fJCmwFC3C/zNcGT63SymH2ttOAaiIws2zVg4+izQCjrakcwHg=="],
  }
}
